
Microsoft Visual Studio Solution File, Format Version 12.00
# Visual Studio Version 16
VisualStudioVersion = 16.0.29230.47
MinimumVisualStudioVersion = 10.0.40219.1
Project("{FAE04EC0-301F-11D3-BF4B-00C04F79EFBC}") = "MushROMs", "MushROMs\MushROMs.csproj", "{6A005B94-3BD1-4F0F-9D5A-8F590FC3E85B}"
EndProject
Project("{2150E333-8FDC-42A3-9474-1A3956D46DE8}") = "Solution Items", "Solution Items", "{F391A1CA-2BDF-4008-9520-65D07FF81E58}"
	ProjectSection(SolutionItems) = preProject
		CODE_OF_CONDUCT.md = CODE_OF_CONDUCT.md
		CODE_STYLES.md = CODE_STYLES.md
		CONTRIBUTING.md = CONTRIBUTING.md
		DESCRIPTION.md = DESCRIPTION.md
		FAQ.md = FAQ.md
		LICENSE.md = LICENSE.md
		MushROMs.sln.licenseheader = MushROMs.sln.licenseheader
		README.md = README.md
	EndProjectSection
EndProject
Project("{9A19103F-16F7-4668-BE54-9A1E7A4F7556}") = "Helper", "Helper\Helper.csproj", "{8F57CADB-BEBF-4E41-897D-D5A38A447563}"
EndProject
Project("{9A19103F-16F7-4668-BE54-9A1E7A4F7556}") = "Snes", "Snes\Snes.csproj", "{A4C5628F-42E4-4E53-87F2-0D4DF50A0626}"
EndProject
Global
	GlobalSection(SolutionConfigurationPlatforms) = preSolution
		Debug|Any CPU = Debug|Any CPU
		Release|Any CPU = Release|Any CPU
	EndGlobalSection
	GlobalSection(ProjectConfigurationPlatforms) = postSolution
		{6A005B94-3BD1-4F0F-9D5A-8F590FC3E85B}.Debug|Any CPU.ActiveCfg = Debug|Any CPU
		{6A005B94-3BD1-4F0F-9D5A-8F590FC3E85B}.Debug|Any CPU.Build.0 = Debug|Any CPU
		{6A005B94-3BD1-4F0F-9D5A-8F590FC3E85B}.Release|Any CPU.ActiveCfg = Release|Any CPU
		{6A005B94-3BD1-4F0F-9D5A-8F590FC3E85B}.Release|Any CPU.Build.0 = Release|Any CPU
		{8F57CADB-BEBF-4E41-897D-D5A38A447563}.Debug|Any CPU.ActiveCfg = Debug|Any CPU
		{8F57CADB-BEBF-4E41-897D-D5A38A447563}.Debug|Any CPU.Build.0 = Debug|Any CPU
		{8F57CADB-BEBF-4E41-897D-D5A38A447563}.Release|Any CPU.ActiveCfg = Release|Any CPU
		{8F57CADB-BEBF-4E41-897D-D5A38A447563}.Release|Any CPU.Build.0 = Release|Any CPU
		{A4C5628F-42E4-4E53-87F2-0D4DF50A0626}.Debug|Any CPU.ActiveCfg = Debug|Any CPU
		{A4C5628F-42E4-4E53-87F2-0D4DF50A0626}.Debug|Any CPU.Build.0 = Debug|Any CPU
		{A4C5628F-42E4-4E53-87F2-0D4DF50A0626}.Release|Any CPU.ActiveCfg = Release|Any CPU
		{A4C5628F-42E4-4E53-87F2-0D4DF50A0626}.Release|Any CPU.Build.0 = Release|Any CPU
	EndGlobalSection
	GlobalSection(SolutionProperties) = preSolution
		HideSolutionNode = FALSE
	EndGlobalSection
	GlobalSection(ExtensibilityGlobals) = postSolution
		SolutionGuid = {79B5EDCE-69E7-4CFA-9C8A-432DCFFE34E0}
	EndGlobalSection
EndGlobal
